
Microsoft Visual Studio Solution File, Format Version 12.00
# Visual Studio Version 17
VisualStudioVersion = 17.8.34322.80
MinimumVisualStudioVersion = 10.0.40219.1
Project("{9A19103F-16F7-4668-BE54-9A1E7A4F7556}") = "FilmManager.Web", "FilmManager.Web\FilmManager.Web.csproj", "{96717EEB-3498-44FC-A407-0A682B0B30BF}"
EndProject
Project("{9A19103F-16F7-4668-BE54-9A1E7A4F7556}") = "FilmManager.DAL", "FilmManager.DAL\FilmManager.DAL.csproj", "{7F0BA91D-3079-4CD1-A0C8-30C240E7730A}"
EndProject
Project("{FAE04EC0-301F-11D3-BF4B-00C04F79EFBC}") = "FilmManager.API", "FilmManager.API\FilmManager.API.csproj", "{3B97AB1B-CEAA-42FA-B61D-A84EF9D6E292}"
EndProject
Global
	GlobalSection(SolutionConfigurationPlatforms) = preSolution
		Debug|Any CPU = Debug|Any CPU
		Release|Any CPU = Release|Any CPU
	EndGlobalSection
	GlobalSection(ProjectConfigurationPlatforms) = postSolution
		{96717EEB-3498-44FC-A407-0A682B0B30BF}.Debug|Any CPU.ActiveCfg = Debug|Any CPU
		{96717EEB-3498-44FC-A407-0A682B0B30BF}.Debug|Any CPU.Build.0 = Debug|Any CPU
		{96717EEB-3498-44FC-A407-0A682B0B30BF}.Release|Any CPU.ActiveCfg = Release|Any CPU
		{96717EEB-3498-44FC-A407-0A682B0B30BF}.Release|Any CPU.Build.0 = Release|Any CPU
		{7F0BA91D-3079-4CD1-A0C8-30C240E7730A}.Debug|Any CPU.ActiveCfg = Debug|Any CPU
		{7F0BA91D-3079-4CD1-A0C8-30C240E7730A}.Debug|Any CPU.Build.0 = Debug|Any CPU
		{7F0BA91D-3079-4CD1-A0C8-30C240E7730A}.Release|Any CPU.ActiveCfg = Release|Any CPU
		{7F0BA91D-3079-4CD1-A0C8-30C240E7730A}.Release|Any CPU.Build.0 = Release|Any CPU
		{3B97AB1B-CEAA-42FA-B61D-A84EF9D6E292}.Debug|Any CPU.ActiveCfg = Debug|Any CPU
		{3B97AB1B-CEAA-42FA-B61D-A84EF9D6E292}.Debug|Any CPU.Build.0 = Debug|Any CPU
		{3B97AB1B-CEAA-42FA-B61D-A84EF9D6E292}.Release|Any CPU.ActiveCfg = Release|Any CPU
		{3B97AB1B-CEAA-42FA-B61D-A84EF9D6E292}.Release|Any CPU.Build.0 = Release|Any CPU
	EndGlobalSection
	GlobalSection(SolutionProperties) = preSolution
		HideSolutionNode = FALSE
	EndGlobalSection
	GlobalSection(ExtensibilityGlobals) = postSolution
		SolutionGuid = {454E32D0-5B9F-4703-9CCC-56E69B88628F}
	EndGlobalSection
EndGlobal
